
Microsoft Visual Studio Solution File, Format Version 12.00
# Visual Studio Version 17
VisualStudioVersion = 17.4.33103.184
MinimumVisualStudioVersion = 10.0.40219.1
Project("{FAE04EC0-301F-11D3-BF4B-00C04F79EFBC}") = "Firrose", "Firrose\Firrose.csproj", "{31E737A1-2993-40C8-951C-88EA19E04ED9}"
EndProject
Global
	GlobalSection(SolutionConfigurationPlatforms) = preSolution
		Debug|Any CPU = Debug|Any CPU
		Release|Any CPU = Release|Any CPU
	EndGlobalSection
	GlobalSection(ProjectConfigurationPlatforms) = postSolution
		{31E737A1-2993-40C8-951C-88EA19E04ED9}.Debug|Any CPU.ActiveCfg = Debug|Any CPU
		{31E737A1-2993-40C8-951C-88EA19E04ED9}.Debug|Any CPU.Build.0 = Debug|Any CPU
		{31E737A1-2993-40C8-951C-88EA19E04ED9}.Release|Any CPU.ActiveCfg = Release|Any CPU
		{31E737A1-2993-40C8-951C-88EA19E04ED9}.Release|Any CPU.Build.0 = Release|Any CPU
	EndGlobalSection
	GlobalSection(SolutionProperties) = preSolution
		HideSolutionNode = FALSE
	EndGlobalSection
	GlobalSection(ExtensibilityGlobals) = postSolution
		SolutionGuid = {CD5C49E7-D108-4B99-BE1C-D15B7E9875BA}
	EndGlobalSection
EndGlobal
